
Microsoft Visual Studio Solution File, Format Version 12.00
# Visual Studio Version 17
VisualStudioVersion = 17.3.32929.385
MinimumVisualStudioVersion = 10.0.40219.1
Project("{9A19103F-16F7-4668-BE54-9A1E7A4F7556}") = "FreshFarmMarket", "FreshFarmMarket\FreshFarmMarket.csproj", "{1E17FDFA-FDE0-4D6A-A998-9597C8A47AD8}"
EndProject
Global
	GlobalSection(SolutionConfigurationPlatforms) = preSolution
		Debug|Any CPU = Debug|Any CPU
		Release|Any CPU = Release|Any CPU
	EndGlobalSection
	GlobalSection(ProjectConfigurationPlatforms) = postSolution
		{1E17FDFA-FDE0-4D6A-A998-9597C8A47AD8}.Debug|Any CPU.ActiveCfg = Debug|Any CPU
		{1E17FDFA-FDE0-4D6A-A998-9597C8A47AD8}.Debug|Any CPU.Build.0 = Debug|Any CPU
		{1E17FDFA-FDE0-4D6A-A998-9597C8A47AD8}.Release|Any CPU.ActiveCfg = Release|Any CPU
		{1E17FDFA-FDE0-4D6A-A998-9597C8A47AD8}.Release|Any CPU.Build.0 = Release|Any CPU
	EndGlobalSection
	GlobalSection(SolutionProperties) = preSolution
		HideSolutionNode = FALSE
	EndGlobalSection
	GlobalSection(ExtensibilityGlobals) = postSolution
		SolutionGuid = {FAA5BC00-2005-4826-AC82-BC82CA2F0F18}
	EndGlobalSection
EndGlobal
